# This file is autogenerated, do not edit; changes may be undone by the next 'dep ensure'.


[[projects]]
  name = "github.com/aws/aws-sdk-go"
  packages = ["aws","aws/awserr","aws/awsutil","aws/client","aws/client/metadata","aws/corehandlers","aws/credentials","aws/credentials/ec2rolecreds","aws/credentials/endpointcreds","aws/credentials/stscreds","aws/defaults","aws/ec2metadata","aws/endpoints","aws/request","aws/session","aws/signer/v4","internal/shareddefaults","private/protocol","private/protocol/ec2query","private/protocol/query","private/protocol/query/queryutil","private/protocol/rest","private/protocol/xml/xmlutil","service/ec2","service/sts"]
  revision = "5e436e55ac5eddc739f26a2a209b3f4248ee8e0e"
  version = "v1.10.18"

[[projects]]
  name = "github.com/codegangsta/cli"
  packages = ["."]
  revision = "0bdeddeeb0f650497d603c4ad7b20cfe685682f6"
  version = "v1.19.1"

[[projects]]
  name = "github.com/go-ini/ini"
  packages = ["."]
  revision = "d3de07a94d22b4a0972deb4b96d790c2c0ce8333"
  version = "v1.28.0"

[[projects]]
  name = "github.com/jmespath/go-jmespath"
  packages = ["."]
  revision = "3433f3ea46d9f8019119e7dd41274e112a2359a9"
  version = "0.2.2"

[solve-meta]
  analyzer-name = "dep"
  analyzer-version = 1
  inputs-digest = "c1d896188fcd804ee729709b3f2655b4d23a7e628246a0d75f8ae1c4ac273e45"
  solver-name = "gps-cdcl"
  solver-version = 1
